
Microsoft Visual Studio Solution File, Format Version 12.00
# Visual Studio 15
VisualStudioVersion = 15.0.27428.2037
MinimumVisualStudioVersion = 10.0.40219.1
Project("{FAE04EC0-301F-11D3-BF4B-00C04F79EFBC}") = "QuestBot", "QuestBot.csproj", "{AABBD3E6-9039-457E-ACD1-B13FC35AE2CA}"
EndProject
Global
	GlobalSection(SolutionConfigurationPlatforms) = preSolution
		Debug|Any CPU = Debug|Any CPU
		Release|Any CPU = Release|Any CPU
	EndGlobalSection
	GlobalSection(ProjectConfigurationPlatforms) = postSolution
		{AABBD3E6-9039-457E-ACD1-B13FC35AE2CA}.Debug|Any CPU.ActiveCfg = Debug|Any CPU
		{AABBD3E6-9039-457E-ACD1-B13FC35AE2CA}.Debug|Any CPU.Build.0 = Debug|Any CPU
		{AABBD3E6-9039-457E-ACD1-B13FC35AE2CA}.Release|Any CPU.ActiveCfg = Release|Any CPU
		{AABBD3E6-9039-457E-ACD1-B13FC35AE2CA}.Release|Any CPU.Build.0 = Release|Any CPU
	EndGlobalSection
	GlobalSection(SolutionProperties) = preSolution
		HideSolutionNode = FALSE
	EndGlobalSection
	GlobalSection(ExtensibilityGlobals) = postSolution
		SolutionGuid = {FF32453A-1AE1-4BFF-9F03-E072FF40C192}
	EndGlobalSection
EndGlobal
